
Microsoft Visual Studio Solution File, Format Version 12.00
# Visual Studio Version 16
VisualStudioVersion = 16.0.30717.126
MinimumVisualStudioVersion = 10.0.40219.1
Project("{FAE04EC0-301F-11D3-BF4B-00C04F79EFBC}") = "CurrencyExchangeWebApp", "CurrencyExchangeWebApp\CurrencyExchangeWebApp.csproj", "{CF500587-F1FC-4E50-B51C-9BB67C3BFC0B}"
EndProject
Global
	GlobalSection(SolutionConfigurationPlatforms) = preSolution
		Debug|Any CPU = Debug|Any CPU
		Release|Any CPU = Release|Any CPU
	EndGlobalSection
	GlobalSection(ProjectConfigurationPlatforms) = postSolution
		{CF500587-F1FC-4E50-B51C-9BB67C3BFC0B}.Debug|Any CPU.ActiveCfg = Debug|Any CPU
		{CF500587-F1FC-4E50-B51C-9BB67C3BFC0B}.Debug|Any CPU.Build.0 = Debug|Any CPU
		{CF500587-F1FC-4E50-B51C-9BB67C3BFC0B}.Release|Any CPU.ActiveCfg = Release|Any CPU
		{CF500587-F1FC-4E50-B51C-9BB67C3BFC0B}.Release|Any CPU.Build.0 = Release|Any CPU
	EndGlobalSection
	GlobalSection(SolutionProperties) = preSolution
		HideSolutionNode = FALSE
	EndGlobalSection
	GlobalSection(ExtensibilityGlobals) = postSolution
		SolutionGuid = {19AD4D8A-E602-4F53-B755-DB7A61AD619B}
	EndGlobalSection
EndGlobal
